
Microsoft Visual Studio Solution File, Format Version 12.00
# Visual Studio Version 16
VisualStudioVersion = 16.0.29209.62
MinimumVisualStudioVersion = 10.0.40219.1
Project("{FAE04EC0-301F-11D3-BF4B-00C04F79EFBC}") = "RunTaskForAny", "RunTaskForAny\RunTaskForAny.csproj", "{EBEE37C5-6271-431F-B03B-64809ACEA4E9}"
EndProject
Project("{FAE04EC0-301F-11D3-BF4B-00C04F79EFBC}") = "RunTaskForAny.Common", "RunTaskForAny.Common\RunTaskForAny.Common.csproj", "{348F58C5-56C0-491D-910C-322E58576459}"
EndProject
Project("{2150E333-8FDC-42A3-9474-1A3956D46DE8}") = "Modules", "Modules", "{3100A4BE-F49D-42C8-9810-139D5235C405}"
EndProject
Project("{2150E333-8FDC-42A3-9474-1A3956D46DE8}") = "MVVM", "MVVM", "{9AF80F70-8D7A-4748-ADA5-FA24DC5BD21C}"
EndProject
Project("{2150E333-8FDC-42A3-9474-1A3956D46DE8}") = "WPF", "WPF", "{3CBCDB92-17FE-45EE-A395-74725BAA876E}"
EndProject
Project("{FAE04EC0-301F-11D3-BF4B-00C04F79EFBC}") = "WpfApp1", "WpfApp1\WpfApp1.csproj", "{B2924D0D-C579-439C-B7A1-23E866EA4D48}"
EndProject
Project("{2150E333-8FDC-42A3-9474-1A3956D46DE8}") = "DB", "DB", "{1EB446BA-2B1D-4350-8024-BD6764B439C0}"
EndProject
Project("{FAE04EC0-301F-11D3-BF4B-00C04F79EFBC}") = "RunTaskForAny.DataBase", "RunTaskForAny.DataBase\RunTaskForAny.DataBase.csproj", "{50341098-B315-48CE-A557-9FDC03737C9A}"
EndProject
Project("{FAE04EC0-301F-11D3-BF4B-00C04F79EFBC}") = "RunTaskForAny.Module.Collect", "Modules\RunTaskForAny.Module.Collect\RunTaskForAny.Module.Collect.csproj", "{908B1E61-1992-4920-A40F-CDB7A98E411C}"
EndProject
Project("{FAE04EC0-301F-11D3-BF4B-00C04F79EFBC}") = "CollectTool", "CollectTool\CollectTool.csproj", "{1FD893DF-3356-402C-BF8D-A227E1B92943}"
EndProject
Project("{FAE04EC0-301F-11D3-BF4B-00C04F79EFBC}") = "ProjectPlan", "ProjectPlan\ProjectPlan.csproj", "{A3824BB3-A8A0-4464-9C0F-54A16C86BBAA}"
EndProject
Project("{2150E333-8FDC-42A3-9474-1A3956D46DE8}") = "MEFPlugins", "MEFPlugins", "{1B2A51B3-3AA3-4DEA-9CFA-35CC99B68338}"
EndProject
Project("{FAE04EC0-301F-11D3-BF4B-00C04F79EFBC}") = "Plugin1", "MEFPlugins\Plugin1\Plugin1.csproj", "{20A2EF40-633C-4580-A988-952BCA114C32}"
EndProject
Project("{FAE04EC0-301F-11D3-BF4B-00C04F79EFBC}") = "WpfControlLibrary1", "MEFPlugins\WpfControlLibrary1\WpfControlLibrary1.csproj", "{710C95BC-8F5F-48E4-B062-1DDAAAF38C82}"
EndProject
Project("{FAE04EC0-301F-11D3-BF4B-00C04F79EFBC}") = "WPF.MEFPlugin.Template1", "MEFPlugins\WPF.MEFPlugin.Template1\WPF.MEFPlugin.Template1.csproj", "{BF994760-6BCB-477F-AC52-0AA671F8FAE0}"
EndProject
Project("{2150E333-8FDC-42A3-9474-1A3956D46DE8}") = "grpc", "grpc", "{BCFB85A6-4730-4785-9678-13B41F0CC33C}"
EndProject
Project("{FAE04EC0-301F-11D3-BF4B-00C04F79EFBC}") = "GrpcLib", "GrpcLib\GrpcLib.csproj", "{9971E83D-DA4C-4D24-8F2A-3973714FF3AD}"
EndProject
Project("{FAE04EC0-301F-11D3-BF4B-00C04F79EFBC}") = "Grpc.Server", "Grpc.Server\Grpc.Server.csproj", "{D431F82E-540C-4237-8CB5-AF91B138C6FD}"
EndProject
Project("{FAE04EC0-301F-11D3-BF4B-00C04F79EFBC}") = "Grpc.Agent", "Grpc.Agent\Grpc.Agent.csproj", "{F44482D9-1FE0-4712-B93F-AD217A72E9B0}"
EndProject
Project("{FAE04EC0-301F-11D3-BF4B-00C04F79EFBC}") = "Grpc.Manage", "Grpc.Manage\Grpc.Manage.csproj", "{9C1043AE-B905-436E-A77E-12C3F1CA1267}"
EndProject
Project("{FAE04EC0-301F-11D3-BF4B-00C04F79EFBC}") = "Grpc.Client", "Grpc.Client\Grpc.Client.csproj", "{4E151621-9326-4B54-B3D2-154EB74DBFA9}"
EndProject
Project("{FAE04EC0-301F-11D3-BF4B-00C04F79EFBC}") = "Grpc.Client.DataManage", "Grpc.Client.DataManage\Grpc.Client.DataManage.csproj", "{1DACD621-3BA3-45A5-AF96-4699052E09F6}"
EndProject
Global
	GlobalSection(SolutionConfigurationPlatforms) = preSolution
		Debug|Any CPU = Debug|Any CPU
		Release|Any CPU = Release|Any CPU
	EndGlobalSection
	GlobalSection(ProjectConfigurationPlatforms) = postSolution
		{EBEE37C5-6271-431F-B03B-64809ACEA4E9}.Debug|Any CPU.ActiveCfg = Debug|Any CPU
		{EBEE37C5-6271-431F-B03B-64809ACEA4E9}.Debug|Any CPU.Build.0 = Debug|Any CPU
		{EBEE37C5-6271-431F-B03B-64809ACEA4E9}.Release|Any CPU.ActiveCfg = Release|Any CPU
		{EBEE37C5-6271-431F-B03B-64809ACEA4E9}.Release|Any CPU.Build.0 = Release|Any CPU
		{348F58C5-56C0-491D-910C-322E58576459}.Debug|Any CPU.ActiveCfg = Debug|Any CPU
		{348F58C5-56C0-491D-910C-322E58576459}.Debug|Any CPU.Build.0 = Debug|Any CPU
		{348F58C5-56C0-491D-910C-322E58576459}.Release|Any CPU.ActiveCfg = Release|Any CPU
		{348F58C5-56C0-491D-910C-322E58576459}.Release|Any CPU.Build.0 = Release|Any CPU
		{B2924D0D-C579-439C-B7A1-23E866EA4D48}.Debug|Any CPU.ActiveCfg = Debug|Any CPU
		{B2924D0D-C579-439C-B7A1-23E866EA4D48}.Debug|Any CPU.Build.0 = Debug|Any CPU
		{B2924D0D-C579-439C-B7A1-23E866EA4D48}.Release|Any CPU.ActiveCfg = Release|Any CPU
		{B2924D0D-C579-439C-B7A1-23E866EA4D48}.Release|Any CPU.Build.0 = Release|Any CPU
		{50341098-B315-48CE-A557-9FDC03737C9A}.Debug|Any CPU.ActiveCfg = Debug|Any CPU
		{50341098-B315-48CE-A557-9FDC03737C9A}.Debug|Any CPU.Build.0 = Debug|Any CPU
		{50341098-B315-48CE-A557-9FDC03737C9A}.Release|Any CPU.ActiveCfg = Release|Any CPU
		{50341098-B315-48CE-A557-9FDC03737C9A}.Release|Any CPU.Build.0 = Release|Any CPU
		{908B1E61-1992-4920-A40F-CDB7A98E411C}.Debug|Any CPU.ActiveCfg = Debug|Any CPU
		{908B1E61-1992-4920-A40F-CDB7A98E411C}.Debug|Any CPU.Build.0 = Debug|Any CPU
		{908B1E61-1992-4920-A40F-CDB7A98E411C}.Release|Any CPU.ActiveCfg = Release|Any CPU
		{908B1E61-1992-4920-A40F-CDB7A98E411C}.Release|Any CPU.Build.0 = Release|Any CPU
		{1FD893DF-3356-402C-BF8D-A227E1B92943}.Debug|Any CPU.ActiveCfg = Debug|Any CPU
		{1FD893DF-3356-402C-BF8D-A227E1B92943}.Debug|Any CPU.Build.0 = Debug|Any CPU
		{1FD893DF-3356-402C-BF8D-A227E1B92943}.Release|Any CPU.ActiveCfg = Release|Any CPU
		{1FD893DF-3356-402C-BF8D-A227E1B92943}.Release|Any CPU.Build.0 = Release|Any CPU
		{A3824BB3-A8A0-4464-9C0F-54A16C86BBAA}.Debug|Any CPU.ActiveCfg = Debug|Any CPU
		{A3824BB3-A8A0-4464-9C0F-54A16C86BBAA}.Debug|Any CPU.Build.0 = Debug|Any CPU
		{A3824BB3-A8A0-4464-9C0F-54A16C86BBAA}.Release|Any CPU.ActiveCfg = Release|Any CPU
		{A3824BB3-A8A0-4464-9C0F-54A16C86BBAA}.Release|Any CPU.Build.0 = Release|Any CPU
		{20A2EF40-633C-4580-A988-952BCA114C32}.Debug|Any CPU.ActiveCfg = Debug|Any CPU
		{20A2EF40-633C-4580-A988-952BCA114C32}.Debug|Any CPU.Build.0 = Debug|Any CPU
		{20A2EF40-633C-4580-A988-952BCA114C32}.Release|Any CPU.ActiveCfg = Release|Any CPU
		{20A2EF40-633C-4580-A988-952BCA114C32}.Release|Any CPU.Build.0 = Release|Any CPU
		{710C95BC-8F5F-48E4-B062-1DDAAAF38C82}.Debug|Any CPU.ActiveCfg = Debug|Any CPU
		{710C95BC-8F5F-48E4-B062-1DDAAAF38C82}.Debug|Any CPU.Build.0 = Debug|Any CPU
		{710C95BC-8F5F-48E4-B062-1DDAAAF38C82}.Release|Any CPU.ActiveCfg = Release|Any CPU
		{710C95BC-8F5F-48E4-B062-1DDAAAF38C82}.Release|Any CPU.Build.0 = Release|Any CPU
		{BF994760-6BCB-477F-AC52-0AA671F8FAE0}.Debug|Any CPU.ActiveCfg = Debug|Any CPU
		{BF994760-6BCB-477F-AC52-0AA671F8FAE0}.Debug|Any CPU.Build.0 = Debug|Any CPU
		{BF994760-6BCB-477F-AC52-0AA671F8FAE0}.Release|Any CPU.ActiveCfg = Release|Any CPU
		{BF994760-6BCB-477F-AC52-0AA671F8FAE0}.Release|Any CPU.Build.0 = Release|Any CPU
		{9971E83D-DA4C-4D24-8F2A-3973714FF3AD}.Debug|Any CPU.ActiveCfg = Debug|Any CPU
		{9971E83D-DA4C-4D24-8F2A-3973714FF3AD}.Debug|Any CPU.Build.0 = Debug|Any CPU
		{9971E83D-DA4C-4D24-8F2A-3973714FF3AD}.Release|Any CPU.ActiveCfg = Release|Any CPU
		{9971E83D-DA4C-4D24-8F2A-3973714FF3AD}.Release|Any CPU.Build.0 = Release|Any CPU
		{D431F82E-540C-4237-8CB5-AF91B138C6FD}.Debug|Any CPU.ActiveCfg = Debug|Any CPU
		{D431F82E-540C-4237-8CB5-AF91B138C6FD}.Debug|Any CPU.Build.0 = Debug|Any CPU
		{D431F82E-540C-4237-8CB5-AF91B138C6FD}.Release|Any CPU.ActiveCfg = Release|Any CPU
		{D431F82E-540C-4237-8CB5-AF91B138C6FD}.Release|Any CPU.Build.0 = Release|Any CPU
		{F44482D9-1FE0-4712-B93F-AD217A72E9B0}.Debug|Any CPU.ActiveCfg = Debug|Any CPU
		{F44482D9-1FE0-4712-B93F-AD217A72E9B0}.Debug|Any CPU.Build.0 = Debug|Any CPU
		{F44482D9-1FE0-4712-B93F-AD217A72E9B0}.Release|Any CPU.ActiveCfg = Release|Any CPU
		{F44482D9-1FE0-4712-B93F-AD217A72E9B0}.Release|Any CPU.Build.0 = Release|Any CPU
		{9C1043AE-B905-436E-A77E-12C3F1CA1267}.Debug|Any CPU.ActiveCfg = Debug|Any CPU
		{9C1043AE-B905-436E-A77E-12C3F1CA1267}.Debug|Any CPU.Build.0 = Debug|Any CPU
		{9C1043AE-B905-436E-A77E-12C3F1CA1267}.Release|Any CPU.ActiveCfg = Release|Any CPU
		{9C1043AE-B905-436E-A77E-12C3F1CA1267}.Release|Any CPU.Build.0 = Release|Any CPU
		{4E151621-9326-4B54-B3D2-154EB74DBFA9}.Debug|Any CPU.ActiveCfg = Debug|Any CPU
		{4E151621-9326-4B54-B3D2-154EB74DBFA9}.Debug|Any CPU.Build.0 = Debug|Any CPU
		{4E151621-9326-4B54-B3D2-154EB74DBFA9}.Release|Any CPU.ActiveCfg = Release|Any CPU
		{4E151621-9326-4B54-B3D2-154EB74DBFA9}.Release|Any CPU.Build.0 = Release|Any CPU
		{1DACD621-3BA3-45A5-AF96-4699052E09F6}.Debug|Any CPU.ActiveCfg = Debug|Any CPU
		{1DACD621-3BA3-45A5-AF96-4699052E09F6}.Debug|Any CPU.Build.0 = Debug|Any CPU
		{1DACD621-3BA3-45A5-AF96-4699052E09F6}.Release|Any CPU.ActiveCfg = Release|Any CPU
		{1DACD621-3BA3-45A5-AF96-4699052E09F6}.Release|Any CPU.Build.0 = Release|Any CPU
	EndGlobalSection
	GlobalSection(SolutionProperties) = preSolution
		HideSolutionNode = FALSE
	EndGlobalSection
	GlobalSection(NestedProjects) = preSolution
		{3CBCDB92-17FE-45EE-A395-74725BAA876E} = {9AF80F70-8D7A-4748-ADA5-FA24DC5BD21C}
		{B2924D0D-C579-439C-B7A1-23E866EA4D48} = {3CBCDB92-17FE-45EE-A395-74725BAA876E}
		{50341098-B315-48CE-A557-9FDC03737C9A} = {1EB446BA-2B1D-4350-8024-BD6764B439C0}
		{908B1E61-1992-4920-A40F-CDB7A98E411C} = {3100A4BE-F49D-42C8-9810-139D5235C405}
		{1FD893DF-3356-402C-BF8D-A227E1B92943} = {9AF80F70-8D7A-4748-ADA5-FA24DC5BD21C}
		{A3824BB3-A8A0-4464-9C0F-54A16C86BBAA} = {9AF80F70-8D7A-4748-ADA5-FA24DC5BD21C}
		{1B2A51B3-3AA3-4DEA-9CFA-35CC99B68338} = {9AF80F70-8D7A-4748-ADA5-FA24DC5BD21C}
		{20A2EF40-633C-4580-A988-952BCA114C32} = {1B2A51B3-3AA3-4DEA-9CFA-35CC99B68338}
		{710C95BC-8F5F-48E4-B062-1DDAAAF38C82} = {1B2A51B3-3AA3-4DEA-9CFA-35CC99B68338}
		{BF994760-6BCB-477F-AC52-0AA671F8FAE0} = {1B2A51B3-3AA3-4DEA-9CFA-35CC99B68338}
		{9971E83D-DA4C-4D24-8F2A-3973714FF3AD} = {BCFB85A6-4730-4785-9678-13B41F0CC33C}
		{D431F82E-540C-4237-8CB5-AF91B138C6FD} = {BCFB85A6-4730-4785-9678-13B41F0CC33C}
		{F44482D9-1FE0-4712-B93F-AD217A72E9B0} = {BCFB85A6-4730-4785-9678-13B41F0CC33C}
		{9C1043AE-B905-436E-A77E-12C3F1CA1267} = {BCFB85A6-4730-4785-9678-13B41F0CC33C}
		{4E151621-9326-4B54-B3D2-154EB74DBFA9} = {BCFB85A6-4730-4785-9678-13B41F0CC33C}
		{1DACD621-3BA3-45A5-AF96-4699052E09F6} = {BCFB85A6-4730-4785-9678-13B41F0CC33C}
	EndGlobalSection
	GlobalSection(ExtensibilityGlobals) = postSolution
		SolutionGuid = {1DD21CAF-76B5-4034-B431-2A7747ACF796}
	EndGlobalSection
EndGlobal
